
Microsoft Visual Studio Solution File, Format Version 12.00
# Visual Studio Version 16
VisualStudioVersion = 16.0.29201.188
MinimumVisualStudioVersion = 10.0.40219.1
Project("{FAE04EC0-301F-11D3-BF4B-00C04F79EFBC}") = "AppForDoctors.Android", "AppForDoctors\AppForDoctors.Android\AppForDoctors.Android.csproj", "{EA8A9791-71A3-444C-99B2-3097EFFF0069}"
EndProject
Project("{FAE04EC0-301F-11D3-BF4B-00C04F79EFBC}") = "AppForDoctors.iOS", "AppForDoctors\AppForDoctors.iOS\AppForDoctors.iOS.csproj", "{916351CF-6FFA-4CBC-98C3-B56E58B43801}"
EndProject
Project("{9A19103F-16F7-4668-BE54-9A1E7A4F7556}") = "AppForDoctors", "AppForDoctors\AppForDoctors\AppForDoctors.csproj", "{F86AAC43-A47D-42A0-8D88-4CF5EF6E02A9}"
EndProject
Project("{FAE04EC0-301F-11D3-BF4B-00C04F79EFBC}") = "Debriefing", "Debriefing\Debriefing.csproj", "{C3F31F8F-7C6B-4681-82C6-45EA6DEEC39D}"
EndProject
Project("{FAE04EC0-301F-11D3-BF4B-00C04F79EFBC}") = "GenerateFile", "GenerateFile\GenerateFile.csproj", "{87B572C9-6913-4475-8C79-579CF45BC7BA}"
EndProject
Project("{FAE04EC0-301F-11D3-BF4B-00C04F79EFBC}") = "BinConverter", "BinConverter\BinConverter.csproj", "{E96EA643-94A5-45C9-8359-9E2A87ADE8D1}"
EndProject
Project("{FAE04EC0-301F-11D3-BF4B-00C04F79EFBC}") = "Server", "Server\Server.csproj", "{5EB1DD17-D51D-4D4C-852E-26FF2BC8AC1B}"
EndProject
Global
	GlobalSection(SolutionConfigurationPlatforms) = preSolution
		Ad-Hoc|Any CPU = Ad-Hoc|Any CPU
		Ad-Hoc|iPhone = Ad-Hoc|iPhone
		Ad-Hoc|iPhoneSimulator = Ad-Hoc|iPhoneSimulator
		AppStore|Any CPU = AppStore|Any CPU
		AppStore|iPhone = AppStore|iPhone
		AppStore|iPhoneSimulator = AppStore|iPhoneSimulator
		Debug|Any CPU = Debug|Any CPU
		Debug|iPhone = Debug|iPhone
		Debug|iPhoneSimulator = Debug|iPhoneSimulator
		Release|Any CPU = Release|Any CPU
		Release|iPhone = Release|iPhone
		Release|iPhoneSimulator = Release|iPhoneSimulator
	EndGlobalSection
	GlobalSection(ProjectConfigurationPlatforms) = postSolution
		{EA8A9791-71A3-444C-99B2-3097EFFF0069}.Ad-Hoc|Any CPU.ActiveCfg = Release|Any CPU
		{EA8A9791-71A3-444C-99B2-3097EFFF0069}.Ad-Hoc|Any CPU.Build.0 = Release|Any CPU
		{EA8A9791-71A3-444C-99B2-3097EFFF0069}.Ad-Hoc|Any CPU.Deploy.0 = Release|Any CPU
		{EA8A9791-71A3-444C-99B2-3097EFFF0069}.Ad-Hoc|iPhone.ActiveCfg = Release|Any CPU
		{EA8A9791-71A3-444C-99B2-3097EFFF0069}.Ad-Hoc|iPhone.Build.0 = Release|Any CPU
		{EA8A9791-71A3-444C-99B2-3097EFFF0069}.Ad-Hoc|iPhone.Deploy.0 = Release|Any CPU
		{EA8A9791-71A3-444C-99B2-3097EFFF0069}.Ad-Hoc|iPhoneSimulator.ActiveCfg = Release|Any CPU
		{EA8A9791-71A3-444C-99B2-3097EFFF0069}.Ad-Hoc|iPhoneSimulator.Build.0 = Release|Any CPU
		{EA8A9791-71A3-444C-99B2-3097EFFF0069}.Ad-Hoc|iPhoneSimulator.Deploy.0 = Release|Any CPU
		{EA8A9791-71A3-444C-99B2-3097EFFF0069}.AppStore|Any CPU.ActiveCfg = Release|Any CPU
		{EA8A9791-71A3-444C-99B2-3097EFFF0069}.AppStore|Any CPU.Build.0 = Release|Any CPU
		{EA8A9791-71A3-444C-99B2-3097EFFF0069}.AppStore|Any CPU.Deploy.0 = Release|Any CPU
		{EA8A9791-71A3-444C-99B2-3097EFFF0069}.AppStore|iPhone.ActiveCfg = Release|Any CPU
		{EA8A9791-71A3-444C-99B2-3097EFFF0069}.AppStore|iPhone.Build.0 = Release|Any CPU
		{EA8A9791-71A3-444C-99B2-3097EFFF0069}.AppStore|iPhone.Deploy.0 = Release|Any CPU
		{EA8A9791-71A3-444C-99B2-3097EFFF0069}.AppStore|iPhoneSimulator.ActiveCfg = Release|Any CPU
		{EA8A9791-71A3-444C-99B2-3097EFFF0069}.AppStore|iPhoneSimulator.Build.0 = Release|Any CPU
		{EA8A9791-71A3-444C-99B2-3097EFFF0069}.AppStore|iPhoneSimulator.Deploy.0 = Release|Any CPU
		{EA8A9791-71A3-444C-99B2-3097EFFF0069}.Debug|Any CPU.ActiveCfg = Debug|Any CPU
		{EA8A9791-71A3-444C-99B2-3097EFFF0069}.Debug|Any CPU.Build.0 = Debug|Any CPU
		{EA8A9791-71A3-444C-99B2-3097EFFF0069}.Debug|Any CPU.Deploy.0 = Debug|Any CPU
		{EA8A9791-71A3-444C-99B2-3097EFFF0069}.Debug|iPhone.ActiveCfg = Debug|Any CPU
		{EA8A9791-71A3-444C-99B2-3097EFFF0069}.Debug|iPhone.Build.0 = Debug|Any CPU
		{EA8A9791-71A3-444C-99B2-3097EFFF0069}.Debug|iPhone.Deploy.0 = Debug|Any CPU
		{EA8A9791-71A3-444C-99B2-3097EFFF0069}.Debug|iPhoneSimulator.ActiveCfg = Debug|Any CPU
		{EA8A9791-71A3-444C-99B2-3097EFFF0069}.Debug|iPhoneSimulator.Build.0 = Debug|Any CPU
		{EA8A9791-71A3-444C-99B2-3097EFFF0069}.Debug|iPhoneSimulator.Deploy.0 = Debug|Any CPU
		{EA8A9791-71A3-444C-99B2-3097EFFF0069}.Release|Any CPU.ActiveCfg = Release|Any CPU
		{EA8A9791-71A3-444C-99B2-3097EFFF0069}.Release|Any CPU.Build.0 = Release|Any CPU
		{EA8A9791-71A3-444C-99B2-3097EFFF0069}.Release|Any CPU.Deploy.0 = Release|Any CPU
		{EA8A9791-71A3-444C-99B2-3097EFFF0069}.Release|iPhone.ActiveCfg = Release|Any CPU
		{EA8A9791-71A3-444C-99B2-3097EFFF0069}.Release|iPhone.Build.0 = Release|Any CPU
		{EA8A9791-71A3-444C-99B2-3097EFFF0069}.Release|iPhone.Deploy.0 = Release|Any CPU
		{EA8A9791-71A3-444C-99B2-3097EFFF0069}.Release|iPhoneSimulator.ActiveCfg = Release|Any CPU
		{EA8A9791-71A3-444C-99B2-3097EFFF0069}.Release|iPhoneSimulator.Build.0 = Release|Any CPU
		{EA8A9791-71A3-444C-99B2-3097EFFF0069}.Release|iPhoneSimulator.Deploy.0 = Release|Any CPU
		{916351CF-6FFA-4CBC-98C3-B56E58B43801}.Ad-Hoc|Any CPU.ActiveCfg = Ad-Hoc|iPhone
		{916351CF-6FFA-4CBC-98C3-B56E58B43801}.Ad-Hoc|Any CPU.Build.0 = Ad-Hoc|iPhone
		{916351CF-6FFA-4CBC-98C3-B56E58B43801}.Ad-Hoc|Any CPU.Deploy.0 = Ad-Hoc|iPhone
		{916351CF-6FFA-4CBC-98C3-B56E58B43801}.Ad-Hoc|iPhone.ActiveCfg = Ad-Hoc|iPhone
		{916351CF-6FFA-4CBC-98C3-B56E58B43801}.Ad-Hoc|iPhone.Build.0 = Ad-Hoc|iPhone
		{916351CF-6FFA-4CBC-98C3-B56E58B43801}.Ad-Hoc|iPhone.Deploy.0 = Ad-Hoc|iPhone
		{916351CF-6FFA-4CBC-98C3-B56E58B43801}.Ad-Hoc|iPhoneSimulator.ActiveCfg = Ad-Hoc|iPhoneSimulator
		{916351CF-6FFA-4CBC-98C3-B56E58B43801}.Ad-Hoc|iPhoneSimulator.Build.0 = Ad-Hoc|iPhoneSimulator
		{916351CF-6FFA-4CBC-98C3-B56E58B43801}.Ad-Hoc|iPhoneSimulator.Deploy.0 = Ad-Hoc|iPhoneSimulator
		{916351CF-6FFA-4CBC-98C3-B56E58B43801}.AppStore|Any CPU.ActiveCfg = AppStore|iPhone
		{916351CF-6FFA-4CBC-98C3-B56E58B43801}.AppStore|Any CPU.Build.0 = AppStore|iPhone
		{916351CF-6FFA-4CBC-98C3-B56E58B43801}.AppStore|Any CPU.Deploy.0 = AppStore|iPhone
		{916351CF-6FFA-4CBC-98C3-B56E58B43801}.AppStore|iPhone.ActiveCfg = AppStore|iPhone
		{916351CF-6FFA-4CBC-98C3-B56E58B43801}.AppStore|iPhone.Build.0 = AppStore|iPhone
		{916351CF-6FFA-4CBC-98C3-B56E58B43801}.AppStore|iPhone.Deploy.0 = AppStore|iPhone
		{916351CF-6FFA-4CBC-98C3-B56E58B43801}.AppStore|iPhoneSimulator.ActiveCfg = AppStore|iPhoneSimulator
		{916351CF-6FFA-4CBC-98C3-B56E58B43801}.AppStore|iPhoneSimulator.Build.0 = AppStore|iPhoneSimulator
		{916351CF-6FFA-4CBC-98C3-B56E58B43801}.AppStore|iPhoneSimulator.Deploy.0 = AppStore|iPhoneSimulator
		{916351CF-6FFA-4CBC-98C3-B56E58B43801}.Debug|Any CPU.ActiveCfg = Debug|iPhoneSimulator
		{916351CF-6FFA-4CBC-98C3-B56E58B43801}.Debug|Any CPU.Build.0 = Debug|iPhoneSimulator
		{916351CF-6FFA-4CBC-98C3-B56E58B43801}.Debug|Any CPU.Deploy.0 = Debug|iPhoneSimulator
		{916351CF-6FFA-4CBC-98C3-B56E58B43801}.Debug|iPhone.ActiveCfg = Debug|iPhone
		{916351CF-6FFA-4CBC-98C3-B56E58B43801}.Debug|iPhone.Build.0 = Debug|iPhone
		{916351CF-6FFA-4CBC-98C3-B56E58B43801}.Debug|iPhone.Deploy.0 = Debug|iPhone
		{916351CF-6FFA-4CBC-98C3-B56E58B43801}.Debug|iPhoneSimulator.ActiveCfg = Debug|iPhoneSimulator
		{916351CF-6FFA-4CBC-98C3-B56E58B43801}.Debug|iPhoneSimulator.Build.0 = Debug|iPhoneSimulator
		{916351CF-6FFA-4CBC-98C3-B56E58B43801}.Debug|iPhoneSimulator.Deploy.0 = Debug|iPhoneSimulator
		{916351CF-6FFA-4CBC-98C3-B56E58B43801}.Release|Any CPU.ActiveCfg = Release|iPhone
		{916351CF-6FFA-4CBC-98C3-B56E58B43801}.Release|Any CPU.Build.0 = Release|iPhone
		{916351CF-6FFA-4CBC-98C3-B56E58B43801}.Release|Any CPU.Deploy.0 = Release|iPhone
		{916351CF-6FFA-4CBC-98C3-B56E58B43801}.Release|iPhone.ActiveCfg = Release|iPhone
		{916351CF-6FFA-4CBC-98C3-B56E58B43801}.Release|iPhone.Build.0 = Release|iPhone
		{916351CF-6FFA-4CBC-98C3-B56E58B43801}.Release|iPhone.Deploy.0 = Release|iPhone
		{916351CF-6FFA-4CBC-98C3-B56E58B43801}.Release|iPhoneSimulator.ActiveCfg = Release|iPhoneSimulator
		{916351CF-6FFA-4CBC-98C3-B56E58B43801}.Release|iPhoneSimulator.Build.0 = Release|iPhoneSimulator
		{916351CF-6FFA-4CBC-98C3-B56E58B43801}.Release|iPhoneSimulator.Deploy.0 = Release|iPhoneSimulator
		{F86AAC43-A47D-42A0-8D88-4CF5EF6E02A9}.Ad-Hoc|Any CPU.ActiveCfg = Debug|Any CPU
		{F86AAC43-A47D-42A0-8D88-4CF5EF6E02A9}.Ad-Hoc|Any CPU.Build.0 = Debug|Any CPU
		{F86AAC43-A47D-42A0-8D88-4CF5EF6E02A9}.Ad-Hoc|Any CPU.Deploy.0 = Debug|Any CPU
		{F86AAC43-A47D-42A0-8D88-4CF5EF6E02A9}.Ad-Hoc|iPhone.ActiveCfg = Debug|Any CPU
		{F86AAC43-A47D-42A0-8D88-4CF5EF6E02A9}.Ad-Hoc|iPhone.Build.0 = Debug|Any CPU
		{F86AAC43-A47D-42A0-8D88-4CF5EF6E02A9}.Ad-Hoc|iPhone.Deploy.0 = Debug|Any CPU
		{F86AAC43-A47D-42A0-8D88-4CF5EF6E02A9}.Ad-Hoc|iPhoneSimulator.ActiveCfg = Debug|Any CPU
		{F86AAC43-A47D-42A0-8D88-4CF5EF6E02A9}.Ad-Hoc|iPhoneSimulator.Build.0 = Debug|Any CPU
		{F86AAC43-A47D-42A0-8D88-4CF5EF6E02A9}.Ad-Hoc|iPhoneSimulator.Deploy.0 = Debug|Any CPU
		{F86AAC43-A47D-42A0-8D88-4CF5EF6E02A9}.AppStore|Any CPU.ActiveCfg = Debug|Any CPU
		{F86AAC43-A47D-42A0-8D88-4CF5EF6E02A9}.AppStore|Any CPU.Build.0 = Debug|Any CPU
		{F86AAC43-A47D-42A0-8D88-4CF5EF6E02A9}.AppStore|Any CPU.Deploy.0 = Debug|Any CPU
		{F86AAC43-A47D-42A0-8D88-4CF5EF6E02A9}.AppStore|iPhone.ActiveCfg = Debug|Any CPU
		{F86AAC43-A47D-42A0-8D88-4CF5EF6E02A9}.AppStore|iPhone.Build.0 = Debug|Any CPU
		{F86AAC43-A47D-42A0-8D88-4CF5EF6E02A9}.AppStore|iPhone.Deploy.0 = Debug|Any CPU
		{F86AAC43-A47D-42A0-8D88-4CF5EF6E02A9}.AppStore|iPhoneSimulator.ActiveCfg = Debug|Any CPU
		{F86AAC43-A47D-42A0-8D88-4CF5EF6E02A9}.AppStore|iPhoneSimulator.Build.0 = Debug|Any CPU
		{F86AAC43-A47D-42A0-8D88-4CF5EF6E02A9}.AppStore|iPhoneSimulator.Deploy.0 = Debug|Any CPU
		{F86AAC43-A47D-42A0-8D88-4CF5EF6E02A9}.Debug|Any CPU.ActiveCfg = Debug|Any CPU
		{F86AAC43-A47D-42A0-8D88-4CF5EF6E02A9}.Debug|Any CPU.Build.0 = Debug|Any CPU
		{F86AAC43-A47D-42A0-8D88-4CF5EF6E02A9}.Debug|Any CPU.Deploy.0 = Debug|Any CPU
		{F86AAC43-A47D-42A0-8D88-4CF5EF6E02A9}.Debug|iPhone.ActiveCfg = Debug|Any CPU
		{F86AAC43-A47D-42A0-8D88-4CF5EF6E02A9}.Debug|iPhone.Build.0 = Debug|Any CPU
		{F86AAC43-A47D-42A0-8D88-4CF5EF6E02A9}.Debug|iPhone.Deploy.0 = Debug|Any CPU
		{F86AAC43-A47D-42A0-8D88-4CF5EF6E02A9}.Debug|iPhoneSimulator.ActiveCfg = Debug|Any CPU
		{F86AAC43-A47D-42A0-8D88-4CF5EF6E02A9}.Debug|iPhoneSimulator.Build.0 = Debug|Any CPU
		{F86AAC43-A47D-42A0-8D88-4CF5EF6E02A9}.Debug|iPhoneSimulator.Deploy.0 = Debug|Any CPU
		{F86AAC43-A47D-42A0-8D88-4CF5EF6E02A9}.Release|Any CPU.ActiveCfg = Release|Any CPU
		{F86AAC43-A47D-42A0-8D88-4CF5EF6E02A9}.Release|Any CPU.Build.0 = Release|Any CPU
		{F86AAC43-A47D-42A0-8D88-4CF5EF6E02A9}.Release|Any CPU.Deploy.0 = Release|Any CPU
		{F86AAC43-A47D-42A0-8D88-4CF5EF6E02A9}.Release|iPhone.ActiveCfg = Release|Any CPU
		{F86AAC43-A47D-42A0-8D88-4CF5EF6E02A9}.Release|iPhone.Build.0 = Release|Any CPU
		{F86AAC43-A47D-42A0-8D88-4CF5EF6E02A9}.Release|iPhone.Deploy.0 = Release|Any CPU
		{F86AAC43-A47D-42A0-8D88-4CF5EF6E02A9}.Release|iPhoneSimulator.ActiveCfg = Release|Any CPU
		{F86AAC43-A47D-42A0-8D88-4CF5EF6E02A9}.Release|iPhoneSimulator.Build.0 = Release|Any CPU
		{F86AAC43-A47D-42A0-8D88-4CF5EF6E02A9}.Release|iPhoneSimulator.Deploy.0 = Release|Any CPU
		{C3F31F8F-7C6B-4681-82C6-45EA6DEEC39D}.Ad-Hoc|Any CPU.ActiveCfg = Release|Any CPU
		{C3F31F8F-7C6B-4681-82C6-45EA6DEEC39D}.Ad-Hoc|Any CPU.Build.0 = Release|Any CPU
		{C3F31F8F-7C6B-4681-82C6-45EA6DEEC39D}.Ad-Hoc|iPhone.ActiveCfg = Release|Any CPU
		{C3F31F8F-7C6B-4681-82C6-45EA6DEEC39D}.Ad-Hoc|iPhone.Build.0 = Release|Any CPU
		{C3F31F8F-7C6B-4681-82C6-45EA6DEEC39D}.Ad-Hoc|iPhoneSimulator.ActiveCfg = Release|Any CPU
		{C3F31F8F-7C6B-4681-82C6-45EA6DEEC39D}.Ad-Hoc|iPhoneSimulator.Build.0 = Release|Any CPU
		{C3F31F8F-7C6B-4681-82C6-45EA6DEEC39D}.AppStore|Any CPU.ActiveCfg = Release|Any CPU
		{C3F31F8F-7C6B-4681-82C6-45EA6DEEC39D}.AppStore|Any CPU.Build.0 = Release|Any CPU
		{C3F31F8F-7C6B-4681-82C6-45EA6DEEC39D}.AppStore|iPhone.ActiveCfg = Release|Any CPU
		{C3F31F8F-7C6B-4681-82C6-45EA6DEEC39D}.AppStore|iPhone.Build.0 = Release|Any CPU
		{C3F31F8F-7C6B-4681-82C6-45EA6DEEC39D}.AppStore|iPhoneSimulator.ActiveCfg = Release|Any CPU
		{C3F31F8F-7C6B-4681-82C6-45EA6DEEC39D}.AppStore|iPhoneSimulator.Build.0 = Release|Any CPU
		{C3F31F8F-7C6B-4681-82C6-45EA6DEEC39D}.Debug|Any CPU.ActiveCfg = Debug|Any CPU
		{C3F31F8F-7C6B-4681-82C6-45EA6DEEC39D}.Debug|Any CPU.Build.0 = Debug|Any CPU
		{C3F31F8F-7C6B-4681-82C6-45EA6DEEC39D}.Debug|iPhone.ActiveCfg = Debug|Any CPU
		{C3F31F8F-7C6B-4681-82C6-45EA6DEEC39D}.Debug|iPhone.Build.0 = Debug|Any CPU
		{C3F31F8F-7C6B-4681-82C6-45EA6DEEC39D}.Debug|iPhoneSimulator.ActiveCfg = Debug|Any CPU
		{C3F31F8F-7C6B-4681-82C6-45EA6DEEC39D}.Debug|iPhoneSimulator.Build.0 = Debug|Any CPU
		{C3F31F8F-7C6B-4681-82C6-45EA6DEEC39D}.Release|Any CPU.ActiveCfg = Release|Any CPU
		{C3F31F8F-7C6B-4681-82C6-45EA6DEEC39D}.Release|Any CPU.Build.0 = Release|Any CPU
		{C3F31F8F-7C6B-4681-82C6-45EA6DEEC39D}.Release|iPhone.ActiveCfg = Release|Any CPU
		{C3F31F8F-7C6B-4681-82C6-45EA6DEEC39D}.Release|iPhone.Build.0 = Release|Any CPU
		{C3F31F8F-7C6B-4681-82C6-45EA6DEEC39D}.Release|iPhoneSimulator.ActiveCfg = Release|Any CPU
		{C3F31F8F-7C6B-4681-82C6-45EA6DEEC39D}.Release|iPhoneSimulator.Build.0 = Release|Any CPU
		{87B572C9-6913-4475-8C79-579CF45BC7BA}.Ad-Hoc|Any CPU.ActiveCfg = Release|Any CPU
		{87B572C9-6913-4475-8C79-579CF45BC7BA}.Ad-Hoc|Any CPU.Build.0 = Release|Any CPU
		{87B572C9-6913-4475-8C79-579CF45BC7BA}.Ad-Hoc|iPhone.ActiveCfg = Release|Any CPU
		{87B572C9-6913-4475-8C79-579CF45BC7BA}.Ad-Hoc|iPhone.Build.0 = Release|Any CPU
		{87B572C9-6913-4475-8C79-579CF45BC7BA}.Ad-Hoc|iPhoneSimulator.ActiveCfg = Release|Any CPU
		{87B572C9-6913-4475-8C79-579CF45BC7BA}.Ad-Hoc|iPhoneSimulator.Build.0 = Release|Any CPU
		{87B572C9-6913-4475-8C79-579CF45BC7BA}.AppStore|Any CPU.ActiveCfg = Release|Any CPU
		{87B572C9-6913-4475-8C79-579CF45BC7BA}.AppStore|Any CPU.Build.0 = Release|Any CPU
		{87B572C9-6913-4475-8C79-579CF45BC7BA}.AppStore|iPhone.ActiveCfg = Release|Any CPU
		{87B572C9-6913-4475-8C79-579CF45BC7BA}.AppStore|iPhone.Build.0 = Release|Any CPU
		{87B572C9-6913-4475-8C79-579CF45BC7BA}.AppStore|iPhoneSimulator.ActiveCfg = Release|Any CPU
		{87B572C9-6913-4475-8C79-579CF45BC7BA}.AppStore|iPhoneSimulator.Build.0 = Release|Any CPU
		{87B572C9-6913-4475-8C79-579CF45BC7BA}.Debug|Any CPU.ActiveCfg = Debug|Any CPU
		{87B572C9-6913-4475-8C79-579CF45BC7BA}.Debug|Any CPU.Build.0 = Debug|Any CPU
		{87B572C9-6913-4475-8C79-579CF45BC7BA}.Debug|iPhone.ActiveCfg = Debug|Any CPU
		{87B572C9-6913-4475-8C79-579CF45BC7BA}.Debug|iPhone.Build.0 = Debug|Any CPU
		{87B572C9-6913-4475-8C79-579CF45BC7BA}.Debug|iPhoneSimulator.ActiveCfg = Debug|Any CPU
		{87B572C9-6913-4475-8C79-579CF45BC7BA}.Debug|iPhoneSimulator.Build.0 = Debug|Any CPU
		{87B572C9-6913-4475-8C79-579CF45BC7BA}.Release|Any CPU.ActiveCfg = Release|Any CPU
		{87B572C9-6913-4475-8C79-579CF45BC7BA}.Release|Any CPU.Build.0 = Release|Any CPU
		{87B572C9-6913-4475-8C79-579CF45BC7BA}.Release|iPhone.ActiveCfg = Release|Any CPU
		{87B572C9-6913-4475-8C79-579CF45BC7BA}.Release|iPhone.Build.0 = Release|Any CPU
		{87B572C9-6913-4475-8C79-579CF45BC7BA}.Release|iPhoneSimulator.ActiveCfg = Release|Any CPU
		{87B572C9-6913-4475-8C79-579CF45BC7BA}.Release|iPhoneSimulator.Build.0 = Release|Any CPU
		{E96EA643-94A5-45C9-8359-9E2A87ADE8D1}.Ad-Hoc|Any CPU.ActiveCfg = Release|Any CPU
		{E96EA643-94A5-45C9-8359-9E2A87ADE8D1}.Ad-Hoc|Any CPU.Build.0 = Release|Any CPU
		{E96EA643-94A5-45C9-8359-9E2A87ADE8D1}.Ad-Hoc|iPhone.ActiveCfg = Release|Any CPU
		{E96EA643-94A5-45C9-8359-9E2A87ADE8D1}.Ad-Hoc|iPhone.Build.0 = Release|Any CPU
		{E96EA643-94A5-45C9-8359-9E2A87ADE8D1}.Ad-Hoc|iPhoneSimulator.ActiveCfg = Release|Any CPU
		{E96EA643-94A5-45C9-8359-9E2A87ADE8D1}.Ad-Hoc|iPhoneSimulator.Build.0 = Release|Any CPU
		{E96EA643-94A5-45C9-8359-9E2A87ADE8D1}.AppStore|Any CPU.ActiveCfg = Release|Any CPU
		{E96EA643-94A5-45C9-8359-9E2A87ADE8D1}.AppStore|Any CPU.Build.0 = Release|Any CPU
		{E96EA643-94A5-45C9-8359-9E2A87ADE8D1}.AppStore|iPhone.ActiveCfg = Release|Any CPU
		{E96EA643-94A5-45C9-8359-9E2A87ADE8D1}.AppStore|iPhone.Build.0 = Release|Any CPU
		{E96EA643-94A5-45C9-8359-9E2A87ADE8D1}.AppStore|iPhoneSimulator.ActiveCfg = Release|Any CPU
		{E96EA643-94A5-45C9-8359-9E2A87ADE8D1}.AppStore|iPhoneSimulator.Build.0 = Release|Any CPU
		{E96EA643-94A5-45C9-8359-9E2A87ADE8D1}.Debug|Any CPU.ActiveCfg = Debug|Any CPU
		{E96EA643-94A5-45C9-8359-9E2A87ADE8D1}.Debug|Any CPU.Build.0 = Debug|Any CPU
		{E96EA643-94A5-45C9-8359-9E2A87ADE8D1}.Debug|iPhone.ActiveCfg = Debug|Any CPU
		{E96EA643-94A5-45C9-8359-9E2A87ADE8D1}.Debug|iPhone.Build.0 = Debug|Any CPU
		{E96EA643-94A5-45C9-8359-9E2A87ADE8D1}.Debug|iPhoneSimulator.ActiveCfg = Debug|Any CPU
		{E96EA643-94A5-45C9-8359-9E2A87ADE8D1}.Debug|iPhoneSimulator.Build.0 = Debug|Any CPU
		{E96EA643-94A5-45C9-8359-9E2A87ADE8D1}.Release|Any CPU.ActiveCfg = Release|Any CPU
		{E96EA643-94A5-45C9-8359-9E2A87ADE8D1}.Release|Any CPU.Build.0 = Release|Any CPU
		{E96EA643-94A5-45C9-8359-9E2A87ADE8D1}.Release|iPhone.ActiveCfg = Release|Any CPU
		{E96EA643-94A5-45C9-8359-9E2A87ADE8D1}.Release|iPhone.Build.0 = Release|Any CPU
		{E96EA643-94A5-45C9-8359-9E2A87ADE8D1}.Release|iPhoneSimulator.ActiveCfg = Release|Any CPU
		{E96EA643-94A5-45C9-8359-9E2A87ADE8D1}.Release|iPhoneSimulator.Build.0 = Release|Any CPU
		{5EB1DD17-D51D-4D4C-852E-26FF2BC8AC1B}.Ad-Hoc|Any CPU.ActiveCfg = Release|Any CPU
		{5EB1DD17-D51D-4D4C-852E-26FF2BC8AC1B}.Ad-Hoc|Any CPU.Build.0 = Release|Any CPU
		{5EB1DD17-D51D-4D4C-852E-26FF2BC8AC1B}.Ad-Hoc|iPhone.ActiveCfg = Release|Any CPU
		{5EB1DD17-D51D-4D4C-852E-26FF2BC8AC1B}.Ad-Hoc|iPhone.Build.0 = Release|Any CPU
		{5EB1DD17-D51D-4D4C-852E-26FF2BC8AC1B}.Ad-Hoc|iPhoneSimulator.ActiveCfg = Release|Any CPU
		{5EB1DD17-D51D-4D4C-852E-26FF2BC8AC1B}.Ad-Hoc|iPhoneSimulator.Build.0 = Release|Any CPU
		{5EB1DD17-D51D-4D4C-852E-26FF2BC8AC1B}.AppStore|Any CPU.ActiveCfg = Release|Any CPU
		{5EB1DD17-D51D-4D4C-852E-26FF2BC8AC1B}.AppStore|Any CPU.Build.0 = Release|Any CPU
		{5EB1DD17-D51D-4D4C-852E-26FF2BC8AC1B}.AppStore|iPhone.ActiveCfg = Release|Any CPU
		{5EB1DD17-D51D-4D4C-852E-26FF2BC8AC1B}.AppStore|iPhone.Build.0 = Release|Any CPU
		{5EB1DD17-D51D-4D4C-852E-26FF2BC8AC1B}.AppStore|iPhoneSimulator.ActiveCfg = Release|Any CPU
		{5EB1DD17-D51D-4D4C-852E-26FF2BC8AC1B}.AppStore|iPhoneSimulator.Build.0 = Release|Any CPU
		{5EB1DD17-D51D-4D4C-852E-26FF2BC8AC1B}.Debug|Any CPU.ActiveCfg = Debug|Any CPU
		{5EB1DD17-D51D-4D4C-852E-26FF2BC8AC1B}.Debug|Any CPU.Build.0 = Debug|Any CPU
		{5EB1DD17-D51D-4D4C-852E-26FF2BC8AC1B}.Debug|iPhone.ActiveCfg = Debug|Any CPU
		{5EB1DD17-D51D-4D4C-852E-26FF2BC8AC1B}.Debug|iPhone.Build.0 = Debug|Any CPU
		{5EB1DD17-D51D-4D4C-852E-26FF2BC8AC1B}.Debug|iPhoneSimulator.ActiveCfg = Debug|Any CPU
		{5EB1DD17-D51D-4D4C-852E-26FF2BC8AC1B}.Debug|iPhoneSimulator.Build.0 = Debug|Any CPU
		{5EB1DD17-D51D-4D4C-852E-26FF2BC8AC1B}.Release|Any CPU.ActiveCfg = Release|Any CPU
		{5EB1DD17-D51D-4D4C-852E-26FF2BC8AC1B}.Release|Any CPU.Build.0 = Release|Any CPU
		{5EB1DD17-D51D-4D4C-852E-26FF2BC8AC1B}.Release|iPhone.ActiveCfg = Release|Any CPU
		{5EB1DD17-D51D-4D4C-852E-26FF2BC8AC1B}.Release|iPhone.Build.0 = Release|Any CPU
		{5EB1DD17-D51D-4D4C-852E-26FF2BC8AC1B}.Release|iPhoneSimulator.ActiveCfg = Release|Any CPU
		{5EB1DD17-D51D-4D4C-852E-26FF2BC8AC1B}.Release|iPhoneSimulator.Build.0 = Release|Any CPU
	EndGlobalSection
	GlobalSection(SolutionProperties) = preSolution
		HideSolutionNode = FALSE
	EndGlobalSection
	GlobalSection(ExtensibilityGlobals) = postSolution
		SolutionGuid = {D4CF911D-7F03-45CA-8DE6-5583CAC615E0}
	EndGlobalSection
EndGlobal
